
Microsoft Visual Studio Solution File, Format Version 12.00
# Visual Studio 2013
VisualStudioVersion = 12.0.40629.0
MinimumVisualStudioVersion = 10.0.40219.1
Project("{FAE04EC0-301F-11D3-BF4B-00C04F79EFBC}") = "Confluence.API", "Confluence.API\Confluence.API.csproj", "{8B95B284-E9A1-4029-8A6C-34D9E2F68147}"
EndProject
Project("{FAE04EC0-301F-11D3-BF4B-00C04F79EFBC}") = "Confluence.API.Test", "Confluence.API.Test\Confluence.API.Test.csproj", "{6D77A76D-A351-4042-BCF1-0203333040E3}"
EndProject
Global
	GlobalSection(SolutionConfigurationPlatforms) = preSolution
		Debug|Any CPU = Debug|Any CPU
		Release|Any CPU = Release|Any CPU
	EndGlobalSection
	GlobalSection(ProjectConfigurationPlatforms) = postSolution
		{8B95B284-E9A1-4029-8A6C-34D9E2F68147}.Debug|Any CPU.ActiveCfg = Debug|Any CPU
		{8B95B284-E9A1-4029-8A6C-34D9E2F68147}.Debug|Any CPU.Build.0 = Debug|Any CPU
		{8B95B284-E9A1-4029-8A6C-34D9E2F68147}.Release|Any CPU.ActiveCfg = Release|Any CPU
		{8B95B284-E9A1-4029-8A6C-34D9E2F68147}.Release|Any CPU.Build.0 = Release|Any CPU
		{6D77A76D-A351-4042-BCF1-0203333040E3}.Debug|Any CPU.ActiveCfg = Debug|Any CPU
		{6D77A76D-A351-4042-BCF1-0203333040E3}.Debug|Any CPU.Build.0 = Debug|Any CPU
		{6D77A76D-A351-4042-BCF1-0203333040E3}.Release|Any CPU.ActiveCfg = Release|Any CPU
		{6D77A76D-A351-4042-BCF1-0203333040E3}.Release|Any CPU.Build.0 = Release|Any CPU
	EndGlobalSection
	GlobalSection(SolutionProperties) = preSolution
		HideSolutionNode = FALSE
	EndGlobalSection
EndGlobal
